<?xml version="1.0" encoding="utf-8"?>
<Project ToolsVersion="4.0" xmlns="http://schemas.microsoft.com/developer/msbuild/2003">
  <ItemGroup>
    <Filter Include="Form Files">
      <UniqueIdentifier>{99349809-55BA-4b9d-BF79-8FDBB0286EB3}</UniqueIdentifier>
      <Extensions>ui</Extensions>
      <ParseFiles>false</ParseFiles>
    </Filter>
    <Filter Include="Form Files">
      <UniqueIdentifier>{99349809-55BA-4b9d-BF79-8FDBB0286EB3}</UniqueIdentifier>
      <Extensions>ui</Extensions>
      <ParseFiles>false</ParseFiles>
    </Filter>
    <Filter Include="Generated Files">
      <UniqueIdentifier>{71ED8ED8-ACB9-4CE9-BBE1-E00B30144E11}</UniqueIdentifier>
      <Extensions>cpp;c;cxx;moc;h;def;odl;idl;res;</Extensions>
    </Filter>
    <Filter Include="Generated Files">
      <UniqueIdentifier>{71ED8ED8-ACB9-4CE9-BBE1-E00B30144E11}</UniqueIdentifier>
      <Extensions>cpp;c;cxx;moc;h;def;odl;idl;res;</Extensions>
    </Filter>
    <Filter Include="Header Files">
      <UniqueIdentifier>{93995380-89BD-4b04-88EB-625FBE52EBFB}</UniqueIdentifier>
      <Extensions>h;hpp;hxx;hm;inl;inc;xsd</Extensions>
    </Filter>
    <Filter Include="Header Files">
      <UniqueIdentifier>{93995380-89BD-4b04-88EB-625FBE52EBFB}</UniqueIdentifier>
      <Extensions>h;hpp;hxx;hm;inl;inc;xsd</Extensions>
    </Filter>
    <Filter Include="Resource Files">
      <UniqueIdentifier>{D9D6E242-F8AF-46E4-B9FD-80ECBC20BA3E}</UniqueIdentifier>
      <Extensions>qrc;*</Extensions>
      <ParseFiles>false</ParseFiles>
    </Filter>
    <Filter Include="Resource Files">
      <UniqueIdentifier>{D9D6E242-F8AF-46E4-B9FD-80ECBC20BA3E}</UniqueIdentifier>
      <Extensions>qrc;*</Extensions>
      <ParseFiles>false</ParseFiles>
    </Filter>
    <Filter Include="Source Files">
      <UniqueIdentifier>{4FC737F1-C7A5-4376-A066-2A32D752A2FF}</UniqueIdentifier>
      <Extensions>cpp;c;cxx;def;odl;idl;hpj;bat;asm;asmx</Extensions>
    </Filter>
    <Filter Include="Source Files">
      <UniqueIdentifier>{4FC737F1-C7A5-4376-A066-2A32D752A2FF}</UniqueIdentifier>
      <Extensions>cpp;c;cxx;def;odl;idl;hpj;bat;asm;asmx</Extensions>
    </Filter>
    <Filter Include="Generated Files\Debug">
      <UniqueIdentifier>{050183cd-d303-4edd-bdb0-eb09449c048e}</UniqueIdentifier>
      <Extensions>cpp;moc</Extensions>
      <SourceControlFiles>False</SourceControlFiles>
    </Filter>
    <Filter Include="Generated Files\Release">
      <UniqueIdentifier>{84067647-3227-4da6-af04-263377d96fbc}</UniqueIdentifier>
      <Extensions>cpp;moc</Extensions>
      <SourceControlFiles>False</SourceControlFiles>
    </Filter>
  </ItemGroup>
  <ItemGroup>
    <ClCompile Include="boundingbox.cpp">
      <Filter>Source Files</Filter>
    </ClCompile>
    <ClCompile Include="main.cpp">
      <Filter>Source Files</Filter>
    </ClCompile>
    <ClCompile Include="mainwindow.cpp">
      <Filter>Source Files</Filter>
    </ClCompile>
    <ClCompile Include="material.cpp">
      <Filter>Source Files</Filter>
    </ClCompile>
    <ClCompile Include="model.cpp">
      <Filter>Source Files</Filter>
    </ClCompile>
    <ClCompile Include="modelfactory.cpp">
      <Filter>Source Files</Filter>
    </ClCompile>
    <ClCompile Include="object.cpp">
      <Filter>Source Files</Filter>
    </ClCompile>
    <ClCompile Include="objectfactory.cpp">
      <Filter>Source Files</Filter>
    </ClCompile>
    <ClCompile Include="objmodel.cpp">
      <Filter>Source Files</Filter>
    </ClCompile>
    <ClCompile Include="treeinfo.cpp">
      <Filter>Source Files</Filter>
    </ClCompile>
    <ClCompile Include="treeviewwidget.cpp">
      <Filter>Source Files</Filter>
    </ClCompile>
    <ClCompile Include="GeneratedFiles\qrc_images.cpp">
      <Filter>Generated Files</Filter>
    </ClCompile>
    <ClCompile Include="Debug\moc_newfrom.cpp">
      <Filter>Generated Files\Debug</Filter>
    </ClCompile>
    <ClCompile Include="Release\moc_newfrom.cpp">
      <Filter>Generated Files\Release</Filter>
    </ClCompile>
    <ClCompile Include="newfrom.cpp">
      <Filter>Source Files</Filter>
    </ClCompile>
    <ClCompile Include="DBManager.cpp">
      <Filter>Source Files</Filter>
    </ClCompile>
    <ClCompile Include="Debug\moc_LoadDialog.cpp">
      <Filter>Generated Files\Debug</Filter>
    </ClCompile>
    <ClCompile Include="Release\moc_LoadDialog.cpp">
      <Filter>Generated Files\Release</Filter>
    </ClCompile>
    <ClCompile Include="LoadDialog.cpp">
      <Filter>Source Files</Filter>
    </ClCompile>
  </ItemGroup>
  <ItemGroup>
    <ClInclude Include="boundingbox.h">
      <Filter>Header Files</Filter>
    </ClInclude>
    <CustomBuild Include="mainwindow.h">
      <Filter>Header Files</Filter>
    </CustomBuild>
    <ClInclude Include="material.h">
      <Filter>Header Files</Filter>
    </ClInclude>
    <ClInclude Include="model.h">
      <Filter>Header Files</Filter>
    </ClInclude>
    <ClInclude Include="modelfactory.h">
      <Filter>Header Files</Filter>
    </ClInclude>
    <ClInclude Include="object.h">
      <Filter>Header Files</Filter>
    </ClInclude>
    <ClInclude Include="objectfactory.h">
      <Filter>Header Files</Filter>
    </ClInclude>
    <ClInclude Include="objmodel.h">
      <Filter>Header Files</Filter>
    </ClInclude>
    <ClInclude Include="point3d.h">
      <Filter>Header Files</Filter>
    </ClInclude>
    <ClInclude Include="treeinfo.h">
      <Filter>Header Files</Filter>
    </ClInclude>
    <CustomBuild Include="treeviewwidget.h">
      <Filter>Header Files</Filter>
    </CustomBuild>
    <ClInclude Include="GeneratedFiles\ui_mainwindow.h">
      <Filter>Generated Files</Filter>
    </ClInclude>
    <ClInclude Include="GeneratedFiles\ui_treeviewwidget.h">
      <Filter>Generated Files</Filter>
    </ClInclude>
    <ClInclude Include="TreeFile.h">
      <Filter>Header Files</Filter>
    </ClInclude>
    <ClInclude Include="OperationStack.h">
      <Filter>Header Files</Filter>
    </ClInclude>
    <ClInclude Include="DBManager.h">
      <Filter>Header Files</Filter>
    </ClInclude>
    <ClInclude Include="GeneratedFiles\ui_newfrom.h">
      <Filter>Generated Files</Filter>
    </ClInclude>
    <ClInclude Include="GeneratedFiles\ui_loaddialog.h">
      <Filter>Generated Files</Filter>
    </ClInclude>
  </ItemGroup>
  <ItemGroup>
    <ClCompile Include="debug\moc_mainwindow.cpp">
      <Filter>Generated Files</Filter>
    </ClCompile>
    <ClCompile Include="release\moc_mainwindow.cpp">
      <Filter>Generated Files</Filter>
    </ClCompile>
    <ClCompile Include="debug\moc_treeviewwidget.cpp">
      <Filter>Generated Files</Filter>
    </ClCompile>
    <ClCompile Include="release\moc_treeviewwidget.cpp">
      <Filter>Generated Files</Filter>
    </ClCompile>
  </ItemGroup>
  <ItemGroup>
    <CustomBuild Include="mainwindow.ui">
      <Filter>Form Files</Filter>
    </CustomBuild>
    <CustomBuild Include="treeviewwidget.ui">
      <Filter>Form Files</Filter>
    </CustomBuild>
    <CustomBuild Include="newfrom.ui">
      <Filter>Form Files</Filter>
    </CustomBuild>
    <CustomBuild Include="newfrom.h">
      <Filter>Header Files</Filter>
    </CustomBuild>
    <CustomBuild Include="LoadDialog.h">
      <Filter>Header Files</Filter>
    </CustomBuild>
    <CustomBuild Include="loaddialog.ui">
      <Filter>Form Files</Filter>
    </CustomBuild>
  </ItemGroup>
  <ItemGroup>
    <None Include="image\big.png">
      <Filter>Resource Files</Filter>
    </None>
    <None Include="image\export.png">
      <Filter>Resource Files</Filter>
    </None>
    <CustomBuild Include="images.qrc">
      <Filter>Resource Files</Filter>
    </CustomBuild>
    <None Include="image\new.png">
      <Filter>Resource Files</Filter>
    </None>
    <None Include="image\openfile.png">
      <Filter>Resource Files</Filter>
    </None>
    <None Include="image\redo.png">
      <Filter>Resource Files</Filter>
    </None>
    <None Include="image\savefile.png">
      <Filter>Resource Files</Filter>
    </None>
    <None Include="image\small.png">
      <Filter>Resource Files</Filter>
    </None>
    <None Include="image\undo.png">
      <Filter>Resource Files</Filter>
    </None>
  </ItemGroup>
</Project>